// !$*UTF8*$!
{
	archiveVersion = 1;
	classes = {
	};
	objectVersion = 50;
	objects = {

/* Begin PBXBuildFile section */
		3F8ED47E21BE0A4600BB2C4D /* AppDelegate.m in Sources */ = {isa = PBXBuildFile; fileRef = 3F8ED47D21BE0A4600BB2C4D /* AppDelegate.m */; };
		3F8ED48021BE0A4800BB2C4D /* Assets.xcassets in Resources */ = {isa = PBXBuildFile; fileRef = 3F8ED47F21BE0A4800BB2C4D /* Assets.xcassets */; };
		3F8ED48321BE0A4800BB2C4D /* MainMenu.xib in Resources */ = {isa = PBXBuildFile; fileRef = 3F8ED48121BE0A4800BB2C4D /* MainMenu.xib */; };
		3F8ED48621BE0A4800BB2C4D /* main.m in Sources */ = {isa = PBXBuildFile; fileRef = 3F8ED48521BE0A4800BB2C4D /* main.m */; };
/* End PBXBuildFile section */

/* Begin PBXFileReference section */
		3F8ED47921BE0A4600BB2C4D /* SecretRead.app */ = {isa = PBXFileReference; explicitFileType = wrapper.application; includeInIndex = 0; path = SecretRead.app; sourceTree = BUILT_PRODUCTS_DIR; };
		3F8ED47C21BE0A4600BB2C4D /* AppDelegate.h */ = {isa = PBXFileReference; lastKnownFileType = sourcecode.c.h; path = AppDelegate.h; sourceTree = "<group>"; };
		3F8ED47D21BE0A4600BB2C4D /* AppDelegate.m */ = {isa = PBXFileReference; lastKnownFileType = sourcecode.c.objc; path = AppDelegate.m; sourceTree = "<group>"; };
		3F8ED47F21BE0A4800BB2C4D /* Assets.xcassets */ = {isa = PBXFileReference; lastKnownFileType = folder.assetcatalog; path = Assets.xcassets; sourceTree = "<group>"; };
		3F8ED48221BE0A4800BB2C4D /* Base */ = {isa = PBXFileReference; lastKnownFileType = file.xib; name = Base; path = Base.lproj/MainMenu.xib; sourceTree = "<group>"; };
		3F8ED48421BE0A4800BB2C4D /* Info.plist */ = {isa = PBXFileReference; lastKnownFileType = text.plist.xml; path = Info.plist; sourceTree = "<group>"; };
		3F8ED48521BE0A4800BB2C4D /* main.m */ = {isa = PBXFileReference; lastKnownFileType = sourcecode.c.objc; path = main.m; sourceTree = "<group>"; };
		3F8ED48721BE0A4800BB2C4D /* SecretRead.entitlements */ = {isa = PBXFileReference; lastKnownFileType = text.plist.entitlements; path = SecretRead.entitlements; sourceTree = "<group>"; };
/* End PBXFileReference section */

/* Begin PBXFrameworksBuildPhase section */
		3F8ED47621BE0A4600BB2C4D /* Frameworks */ = {
			isa = PBXFrameworksBuildPhase;
			buildActionMask = 2147483647;
			files = (
			);
			runOnlyForDeploymentPostprocessing = 0;
		};
/* End PBXFrameworksBuildPhase section */

/* Begin PBXGroup section */
		3F8ED47021BE0A4600BB2C4D = {
			isa = PBXGroup;
			children = (
				3F8ED47B21BE0A4600BB2C4D /* SecretRead */,
				3F8ED47A21BE0A4600BB2C4D /* Products */,
			);
			sourceTree = "<group>";
		};
		3F8ED47A21BE0A4600BB2C4D /* Products */ = {
			isa = PBXGroup;
			children = (
				3F8ED47921BE0A4600BB2C4D /* SecretRead.app */,
			);
			name = Products;
			sourceTree = "<group>";
		};
		3F8ED47B21BE0A4600BB2C4D /* SecretRead */ = {
			isa = PBXGroup;
			children = (
				3F8ED47C21BE0A4600BB2C4D /* AppDelegate.h */,
				3F8ED47D21BE0A4600BB2C4D /* AppDelegate.m */,
				3F8ED47F21BE0A4800BB2C4D /* Assets.xcassets */,
				3F8ED48121BE0A4800BB2C4D /* MainMenu.xib */,
				3F8ED48421BE0A4800BB2C4D /* Info.plist */,
				3F8ED48521BE0A4800BB2C4D /* main.m */,
				3F8ED48721BE0A4800BB2C4D /* SecretRead.entitlements */,
			);
			path = SecretRead;
			sourceTree = "<group>";
		};
/* End PBXGroup section */

/* Begin PBXNativeTarget section */
		3F8ED47821BE0A4600BB2C4D /* SecretRead */ = {
			isa = PBXNativeTarget;
			buildConfigurationList = 3F8ED48A21BE0A4800BB2C4D /* Build configuration list for PBXNativeTarget "SecretRead" */;
			buildPhases = (
				3F8ED47521BE0A4600BB2C4D /* Sources */,
				3F8ED47621BE0A4600BB2C4D /* Frameworks */,
				3F8ED47721BE0A4600BB2C4D /* Resources */,
			);
			buildRules = (
			);
			dependencies = (
			);
			name = SecretRead;
			productName = SecretRead;
			productReference = 3F8ED47921BE0A4600BB2C4D /* SecretRead.app */;
			productType = "com.apple.product-type.application";
		};
/* End PBXNativeTarget section */

/* Begin PBXProject section */
		3F8ED47121BE0A4600BB2C4D /* Project object */ = {
			isa = PBXProject;
			attributes = {
				LastUpgradeCheck = 0940;
				ORGANIZATIONNAME = "静";
				TargetAttributes = {
					3F8ED47821BE0A4600BB2C4D = {
						CreatedOnToolsVersion = 9.4;
					};
				};
			};
			buildConfigurationList = 3F8ED47421BE0A4600BB2C4D /* Build configuration list for PBXProject "SecretRead" */;
			compatibilityVersion = "Xcode 9.3";
			developmentRegion = en;
			hasScannedForEncodings = 0;
			knownRegions = (
				en,
				Base,
			);
			mainGroup = 3F8ED47021BE0A4600BB2C4D;
			productRefGroup = 3F8ED47A21BE0A4600BB2C4D /* Products */;
			projectDirPath = "";
			projectRoot = "";
			targets = (
				3F8ED47821BE0A4600BB2C4D /* SecretRead */,
			);
		};
/* End PBXProject section */

/* Begin PBXResourcesBuildPhase section */
		3F8ED47721BE0A4600BB2C4D /* Resources */ = {
			isa = PBXResourcesBuildPhase;
			buildActionMask = 2147483647;
			files = (
				3F8ED48021BE0A4800BB2C4D /* Assets.xcassets in Resources */,
				3F8ED48321BE0A4800BB2C4D /* MainMenu.xib in Resources */,
			);
			runOnlyForDeploymentPostprocessing = 0;
		};
/* End PBXResourcesBuildPhase section */

/* Begin PBXSourcesBuildPhase section */
		3F8ED47521BE0A4600BB2C4D /* Sources */ = {
			isa = PBXSourcesBuildPhase;
			buildActionMask = 2147483647;
			files = (
				3F8ED48621BE0A4800BB2C4D /* main.m in Sources */,
				3F8ED47E21BE0A4600BB2C4D /* AppDelegate.m in Sources */,
			);
			runOnlyForDeploymentPostprocessing = 0;
		};
/* End PBXSourcesBuildPhase section */

/* Begin PBXVariantGroup section */
		3F8ED48121BE0A4800BB2C4D /* MainMenu.xib */ = {
			isa = PBXVariantGroup;
			children = (
				3F8ED48221BE0A4800BB2C4D /* Base */,
			);
			name = MainMenu.xib;
			sourceTree = "<group>";
		};
/* End PBXVariantGroup section */

/* Begin XCBuildConfiguration section */
		3F8ED48821BE0A4800BB2C4D /* Debug */ = {
			isa = XCBuildConfiguration;
			buildSettings = {
				ALWAYS_SEARCH_USER_PATHS = NO;
				CLANG_ANALYZER_NONNULL = YES;
				CLANG_ANALYZER_NUMBER_OBJECT_CONVERSION = YES_AGGRESSIVE;
				CLANG_CXX_LANGUAGE_STANDARD = "gnu++14";
				CLANG_CXX_LIBRARY = "libc++";
				CLANG_ENABLE_MODULES = YES;
				CLANG_ENABLE_OBJC_ARC = YES;
				CLANG_ENABLE_OBJC_WEAK = YES;
				CLANG_WARN_BLOCK_CAPTURE_AUTORELEASING = YES;
				CLANG_WARN_BOOL_CONVERSION = YES;
				CLANG_WARN_COMMA = YES;
				CLANG_WARN_CONSTANT_CONVERSION = YES;
				CLANG_WARN_DEPRECATED_OBJC_IMPLEMENTATIONS = YES;
				CLANG_WARN_DIRECT_OBJC_ISA_USAGE = YES_ERROR;
				CLANG_WARN_DOCUMENTATION_COMMENTS = YES;
				CLANG_WARN_EMPTY_BODY = YES;
				CLANG_WARN_ENUM_CONVERSION = YES;
				CLANG_WARN_INFINITE_RECURSION = YES;
				CLANG_WARN_INT_CONVERSION = YES;
				CLANG_WARN_NON_LITERAL_NULL_CONVERSION = YES;
				CLANG_WARN_OBJC_IMPLICIT_RETAIN_SELF = YES;
				CLANG_WARN_OBJC_LITERAL_CONVERSION = YES;
				CLANG_WARN_OBJC_ROOT_CLASS = YES_ERROR;
				CLANG_WARN_RANGE_LOOP_ANALYSIS = YES;
				CLANG_WARN_STRICT_PROTOTYPES = YES;
				CLANG_WARN_SUSPICIOUS_MOVE = YES;
				CLANG_WARN_UNGUARDED_AVAILABILITY = YES_AGGRESSIVE;
				CLANG_WARN_UNREACHABLE_CODE = YES;
				CLANG_WARN__DUPLICATE_METHOD_MATCH = YES;
				CODE_SIGN_IDENTITY = "-";
				COPY_PHASE_STRIP = NO;
				DEBUG_INFORMATION_FORMAT = dwarf;
				ENABLE_STRICT_OBJC_MSGSEND = YES;
				ENABLE_TESTABILITY = YES;
				GCC_C_LANGUAGE_STANDARD = gnu11;
				GCC_DYNAMIC_NO_PIC = NO;
				GCC_NO_COMMON_BLOCKS = YES;
				GCC_OPTIMIZATION_LEVEL = 0;
				GCC_PREPROCESSOR_DEFINITIONS = (
					"DEBUG=1",
					"$(inherited)",
				);
				GCC_WARN_64_TO_32_BIT_CONVERSION = YES;
				GCC_WARN_ABOUT_RETURN_TYPE = YES_ERROR;
				GCC_WARN_UNDECLARED_SELECTOR = YES;
				GCC_WARN_UNINITIALIZED_AUTOS = YES_AGGRESSIVE;
				GCC_WARN_UNUSED_FUNCTION = YES;
				GCC_WARN_UNUSED_VARIABLE = YES;
				MACOSX_DEPLOYMENT_TARGET = 10.13;
				MTL_ENABLE_DEBUG_INFO = YES;
				ONLY_ACTIVE_ARCH = YES;
				SDKROOT = macosx;
			};
			name = Debug;
		};
		3F8ED48921BE0A4800BB2C4D /* Release */ = {
			isa = XCBuildConfiguration;
			buildSettings = {
				ALWAYS_SEARCH_USER_PATHS = NO;
				CLANG_ANALYZER_NONNULL = YES;
				CLANG_ANALYZER_NUMBER_OBJECT_CONVERSION = YES_AGGRESSIVE;
				CLANG_CXX_LANGUAGE_STANDARD = "gnu++14";
				CLANG_CXX_LIBRARY = "libc++";
				CLANG_ENABLE_MODULES = YES;
				CLANG_ENABLE_OBJC_ARC = YES;
				CLANG_ENABLE_OBJC_WEAK = YES;
				CLANG_WARN_BLOCK_CAPTURE_AUTORELEASING = YES;
				CLANG_WARN_BOOL_CONVERSION = YES;
				CLANG_WARN_COMMA = YES;
				CLANG_WARN_CONSTANT_CONVERSION = YES;
				CLANG_WARN_DEPRECATED_OBJC_IMPLEMENTATIONS = YES;
				CLANG_WARN_DIRECT_OBJC_ISA_USAGE = YES_ERROR;
				CLANG_WARN_DOCUMENTATION_COMMENTS = YES;
				CLANG_WARN_EMPTY_BODY = YES;
				CLANG_WARN_ENUM_CONVERSION = YES;
				CLANG_WARN_INFINITE_RECURSION = YES;
				CLANG_WARN_INT_CONVERSION = YES;
				CLANG_WARN_NON_LITERAL_NULL_CONVERSION = YES;
				CLANG_WARN_OBJC_IMPLICIT_RETAIN_SELF = YES;
				CLANG_WARN_OBJC_LITERAL_CONVERSION = YES;
				CLANG_WARN_OBJC_ROOT_CLASS = YES_ERROR;
				CLANG_WARN_RANGE_LOOP_ANALYSIS = YES;
				CLANG_WARN_STRICT_PROTOTYPES = YES;
				CLANG_WARN_SUSPICIOUS_MOVE = YES;
				CLANG_WARN_UNGUARDED_AVAILABILITY = YES_AGGRESSIVE;
				CLANG_WARN_UNREACHABLE_CODE = YES;
				CLANG_WARN__DUPLICATE_METHOD_MATCH = YES;
				CODE_SIGN_IDENTITY = "-";
				COPY_PHASE_STRIP = NO;
				DEBUG_INFORMATION_FORMAT = "dwarf-with-dsym";
				ENABLE_NS_ASSERTIONS = NO;
				ENABLE_STRICT_OBJC_MSGSEND = YES;
				GCC_C_LANGUAGE_STANDARD = gnu11;
				GCC_NO_COMMON_BLOCKS = YES;
				GCC_WARN_64_TO_32_BIT_CONVERSION = YES;
				GCC_WARN_ABOUT_RETURN_TYPE = YES_ERROR;
				GCC_WARN_UNDECLARED_SELECTOR = YES;
				GCC_WARN_UNINITIALIZED_AUTOS = YES_AGGRESSIVE;
				GCC_WARN_UNUSED_FUNCTION = YES;
				GCC_WARN_UNUSED_VARIABLE = YES;
				MACOSX_DEPLOYMENT_TARGET = 10.13;
				MTL_ENABLE_DEBUG_INFO = NO;
				SDKROOT = macosx;
			};
			name = Release;
		};
		3F8ED48B21BE0A4800BB2C4D /* Debug */ = {
			isa = XCBuildConfiguration;
			buildSettings = {
				ASSETCATALOG_COMPILER_APPICON_NAME = AppIcon;
				CODE_SIGN_ENTITLEMENTS = SecretRead/SecretRead.entitlements;
				CODE_SIGN_STYLE = Automatic;
				COMBINE_HIDPI_IMAGES = YES;
				INFOPLIST_FILE = SecretRead/Info.plist;
				LD_RUNPATH_SEARCH_PATHS = (
					"$(inherited)",
					"@executable_path/../Frameworks",
				);
				PRODUCT_BUNDLE_IDENTIFIER = storyBoardTest.SecretRead;
				PRODUCT_NAME = "$(TARGET_NAME)";
			};
			name = Debug;
		};
		3F8ED48C21BE0A4800BB2C4D /* Release */ = {
			isa = XCBuildConfiguration;
			buildSettings = {
				ASSETCATALOG_COMPILER_APPICON_NAME = AppIcon;
				CODE_SIGN_ENTITLEMENTS = SecretRead/SecretRead.entitlements;
				CODE_SIGN_STYLE = Automatic;
				COMBINE_HIDPI_IMAGES = YES;
				INFOPLIST_FILE = SecretRead/Info.plist;
				LD_RUNPATH_SEARCH_PATHS = (
					"$(inherited)",
					"@executable_path/../Frameworks",
				);
				PRODUCT_BUNDLE_IDENTIFIER = storyBoardTest.SecretRead;
				PRODUCT_NAME = "$(TARGET_NAME)";
			};
			name = Release;
		};
/* End XCBuildConfiguration section */

/* Begin XCConfigurationList section */
		3F8ED47421BE0A4600BB2C4D /* Build configuration list for PBXProject "SecretRead" */ = {
			isa = XCConfigurationList;
			buildConfigurations = (
				3F8ED48821BE0A4800BB2C4D /* Debug */,
				3F8ED48921BE0A4800BB2C4D /* Release */,
			);
			defaultConfigurationIsVisible = 0;
			defaultConfigurationName = Release;
		};
		3F8ED48A21BE0A4800BB2C4D /* Build configuration list for PBXNativeTarget "SecretRead" */ = {
			isa = XCConfigurationList;
			buildConfigurations = (
				3F8ED48B21BE0A4800BB2C4D /* Debug */,
				3F8ED48C21BE0A4800BB2C4D /* Release */,
			);
			defaultConfigurationIsVisible = 0;
			defaultConfigurationName = Release;
		};
/* End XCConfigurationList section */
	};
	rootObject = 3F8ED47121BE0A4600BB2C4D /* Project object */;
}
